
Microsoft Visual Studio Solution File, Format Version 12.00
# Visual Studio Version 16
VisualStudioVersion = 16.0.30907.101
MinimumVisualStudioVersion = 10.0.40219.1
Project("{FAE04EC0-301F-11D3-BF4B-00C04F79EFBC}") = "StorageTest", "StorageTest\StorageTest.csproj", "{EF4B1B96-3378-44D8-B5ED-0FE489C45171}"
EndProject
Global
	GlobalSection(SolutionConfigurationPlatforms) = preSolution
		Debug|Any CPU = Debug|Any CPU
		Release|Any CPU = Release|Any CPU
	EndGlobalSection
	GlobalSection(ProjectConfigurationPlatforms) = postSolution
		{EF4B1B96-3378-44D8-B5ED-0FE489C45171}.Debug|Any CPU.ActiveCfg = Debug|Any CPU
		{EF4B1B96-3378-44D8-B5ED-0FE489C45171}.Debug|Any CPU.Build.0 = Debug|Any CPU
		{EF4B1B96-3378-44D8-B5ED-0FE489C45171}.Release|Any CPU.ActiveCfg = Release|Any CPU
		{EF4B1B96-3378-44D8-B5ED-0FE489C45171}.Release|Any CPU.Build.0 = Release|Any CPU
	EndGlobalSection
	GlobalSection(SolutionProperties) = preSolution
		HideSolutionNode = FALSE
	EndGlobalSection
	GlobalSection(ExtensibilityGlobals) = postSolution
		SolutionGuid = {77B1B281-984F-40A7-BFD2-D027EA11BDB4}
	EndGlobalSection
EndGlobal
